PODS:
  - DDKitFPS (3.0.0):
    - DDKitFPS/core (= 3.0.0)
  - DDKitFPS/core (3.0.0)
  - DDKitSwift/core (3.0.0):
    - DDLoggerSwift (~> 5.0.0)
    - DDUtils/ui (~> 5.0.0)
    - DDUtils/utils (~> 5.0.0)
  - DDLoggerSwift (5.0.0):
    - DDLoggerSwift/core (= 5.0.0)
  - DDLoggerSwift/core (5.0.0):
    - DDUtils/ui (~> 5.0.0)
    - DDUtils/utils (~> 5.0.0)
  - DDUtils/core (5.0.2)
  - DDUtils/ui (5.0.2):
    - DDUtils/core
  - DDUtils/utils (5.0.2):
    - DDUtils/core

DEPENDENCIES:
  - DDKitFPS (~> 3.0.0)
  - DDKitSwift/core (~> 3.0.0)

SPEC REPOS:
  trunk:
    - DDKitFPS
    - DDKitSwift
    - DDLoggerSwift
    - DDUtils

SPEC CHECKSUMS:
  DDKitFPS: 51f4020175f8a45ff3ecbfb7a693fe25b5b714b4
  DDKitSwift: 3143fa7df258879898f08e16f2b59b1227661541
  DDLoggerSwift: 3b6e451251ae07a6614d93493b7c4e512e155950
  DDUtils: 56b14d305b574751a3e5336717a6dfd56dd2c58c

PODFILE CHECKSUM: e5eaa6cfdec2a8b933d3f70a24e5d5db3cc17ad1

COCOAPODS: 1.15.2
